Microsoft Visual Studio Solution File, Format Version 12.00
# Visual Studio Version 17
VisualStudioVersion = 17.0.31903.59
MinimumVisualStudioVersion = 10.0.40219.1
Project("{FAE04EC0-301F-11D3-BF4B-00C04F79EFBC}") = "CodexQuotaBar", "src\CodexQuotaBar\CodexQuotaBar.csproj", "{BF14C74E-7B24-488E-BD8A-0FEDE5845B3B}"
EndProject
Project("{FAE04EC0-301F-11D3-BF4B-00C04F79EFBC}") = "CodexQuotaBar.Tests", "tests\CodexQuotaBar.Tests\CodexQuotaBar.Tests.csproj", "{05CF488E-BCB5-4BC2-AFB2-BAF258E47CDC}"
EndProject
Global
	GlobalSection(SolutionConfigurationPlatforms) = preSolution
		Debug|Any CPU = Debug|Any CPU
		Release|Any CPU = Release|Any CPU
	EndGlobalSection
	GlobalSection(ProjectConfigurationPlatforms) = postSolution
		{BF14C74E-7B24-488E-BD8A-0FEDE5845B3B}.Debug|Any CPU.ActiveCfg = Debug|Any CPU
		{BF14C74E-7B24-488E-BD8A-0FEDE5845B3B}.Debug|Any CPU.Build.0 = Debug|Any CPU
		{BF14C74E-7B24-488E-BD8A-0FEDE5845B3B}.Release|Any CPU.ActiveCfg = Release|Any CPU
		{BF14C74E-7B24-488E-BD8A-0FEDE5845B3B}.Release|Any CPU.Build.0 = Release|Any CPU
		{05CF488E-BCB5-4BC2-AFB2-BAF258E47CDC}.Debug|Any CPU.ActiveCfg = Debug|Any CPU
		{05CF488E-BCB5-4BC2-AFB2-BAF258E47CDC}.Debug|Any CPU.Build.0 = Debug|Any CPU
		{05CF488E-BCB5-4BC2-AFB2-BAF258E47CDC}.Release|Any CPU.ActiveCfg = Release|Any CPU
		{05CF488E-BCB5-4BC2-AFB2-BAF258E47CDC}.Release|Any CPU.Build.0 = Release|Any CPU
	EndGlobalSection
EndGlobal
